{
  "pins" : [
    {
      "identity" : "development-support",
      "kind" : "remoteSourceControl",
      "location" : "https://github.com/GPretadoR/Development-Support.git",
      "state" : {
        "branch" : "master",
        "revision" : "2c2b4b3de1b03e64cd16b6fea9d6ae319df3ce44"
      }
    }
  ],
  "version" : 2
}
